{
  "version": 4,
  "terraform_version": "0.14.4",
  "serial": 17,
  "lineage": "56b02e57-6e92-ba14-31b1-68244f69bd28",
  "outputs": {},
  "resources": [
    {
      "module": "module.infrastructure.module.resourceGroup",
      "mode": "managed",
      "type": "azurerm_network_security_group",
      "name": "VMSSSecurityGroup",
      "provider": "provider[\"registry.terraform.io/hashicorp/azurerm\"]",
      "instances": [
        {
          "schema_version": 0,
          "attributes": {
            "id": "/subscriptions/dec5a706-a400-40bc-8fc1-5738ef373dff/resourceGroups/project/providers/Microsoft.Network/networkSecurityGroups/VMSSSecurityGroup",
            "location": "uksouth",
            "name": "VMSSSecurityGroup",
            "resource_group_name": "project",
            "security_rule": [
              {
                "access": "Allow",
                "description": "",
                "destination_address_prefix": "*",
                "destination_address_prefixes": [],
                "destination_application_security_group_ids": [],
                "destination_port_range": "22",
                "destination_port_ranges": [],
                "direction": "Inbound",
                "name": "allowSSH",
                "priority": 300,
                "protocol": "Tcp",
                "source_address_prefix": "*",
                "source_address_prefixes": [],
                "source_application_security_group_ids": [],
                "source_port_range": "*",
                "source_port_ranges": []
              }
            ],
            "tags": null,
            "timeouts": null
          },
          "sensitive_attributes": [],
          "private": "eyJlMmJmYjczMC1lY2FhLTExZTYtOGY4OC0zNDM2M2JjN2M0YzAiOnsiY3JlYXRlIjoxODAwMDAwMDAwMDAwLCJkZWxldGUiOjE4MDAwMDAwMDAwMDAsInJlYWQiOjMwMDAwMDAwMDAwMCwidXBkYXRlIjoxODAwMDAwMDAwMDAwfX0="
        }
      ]
    },
    {
      "module": "module.infrastructure.module.virtualNetwork",
      "mode": "managed",
      "type": "azurerm_subnet",
      "name": "VMSSSubnet",
      "provider": "provider[\"registry.terraform.io/hashicorp/azurerm\"]",
      "instances": [
        {
          "schema_version": 0,
          "attributes": {
            "address_prefix": "10.0.2.0/24",
            "address_prefixes": [
              "10.0.2.0/24"
            ],
            "delegation": [],
            "enforce_private_link_endpoint_network_policies": false,
            "enforce_private_link_service_network_policies": false,
            "id": "/subscriptions/dec5a706-a400-40bc-8fc1-5738ef373dff/resourceGroups/project/providers/Microsoft.Network/virtualNetworks/ScaleSetVirtualNetwork/subnets/VMSSSubnet",
            "name": "VMSSSubnet",
            "resource_group_name": "project",
            "service_endpoint_policy_ids": null,
            "service_endpoints": null,
            "timeouts": null,
            "virtual_network_name": "ScaleSetVirtualNetwork"
          },
          "sensitive_attributes": [],
          "private": "eyJlMmJmYjczMC1lY2FhLTExZTYtOGY4OC0zNDM2M2JjN2M0YzAiOnsiY3JlYXRlIjoxODAwMDAwMDAwMDAwLCJkZWxldGUiOjE4MDAwMDAwMDAwMDAsInJlYWQiOjMwMDAwMDAwMDAwMCwidXBkYXRlIjoxODAwMDAwMDAwMDAwfX0=",
          "dependencies": [
            "module.infrastructure.module.virtualNetwork.azurerm_virtual_network.ScaleSetVirtualNetwork"
          ]
        }
      ]
    },
    {
      "module": "module.infrastructure.module.virtualNetwork",
      "mode": "managed",
      "type": "azurerm_virtual_network",
      "name": "ScaleSetVirtualNetwork",
      "provider": "provider[\"registry.terraform.io/hashicorp/azurerm\"]",
      "instances": [
        {
          "schema_version": 0,
          "attributes": {
            "address_space": [
              "10.0.0.0/16"
            ],
            "bgp_community": "",
            "ddos_protection_plan": [],
            "dns_servers": null,
            "guid": "e29e8ea4-1915-48b2-94c5-a51d65d76999",
            "id": "/subscriptions/dec5a706-a400-40bc-8fc1-5738ef373dff/resourceGroups/project/providers/Microsoft.Network/virtualNetworks/ScaleSetVirtualNetwork",
            "location": "uksouth",
            "name": "ScaleSetVirtualNetwork",
            "resource_group_name": "project",
            "subnet": [],
            "tags": null,
            "timeouts": null,
            "vm_protection_enabled": false
          },
          "sensitive_attributes": [],
          "private": "eyJlMmJmYjczMC1lY2FhLTExZTYtOGY4OC0zNDM2M2JjN2M0YzAiOnsiY3JlYXRlIjoxODAwMDAwMDAwMDAwLCJkZWxldGUiOjE4MDAwMDAwMDAwMDAsInJlYWQiOjMwMDAwMDAwMDAwMCwidXBkYXRlIjoxODAwMDAwMDAwMDAwfX0="
        }
      ]
    }
  ]
}
